Microsoft Visual Studio Solution File, Format Version 12.00
# Visual Studio Version 16
VisualStudioVersion = 16.0.0.0
MinimumVisualStudioVersion = 16.0.0.0
Project("{9A19103F-16F7-4668-BE54-9A1E7A4F7556}") = "Cumdumps", "Cumdumps\Cumdumps.csproj", "{B2D876F9-7A28-4E57-A7D3-3B58492CA095}"
EndProject
Project("{9A19103F-16F7-4668-BE54-9A1E7A4F7556}") = "Cumdumps.Client", "Cumdumps.Client\Cumdumps.Client.csproj", "{F496C145-2212-4D28-BB8C-45BBD0753D08}"
EndProject
Global
	GlobalSection(SolutionConfigurationPlatforms) = preSolution
		Debug|Any CPU = Debug|Any CPU
		Debug|x64 = Debug|x64
		Debug|x86 = Debug|x86
		Release|Any CPU = Release|Any CPU
		Release|x64 = Release|x64
		Release|x86 = Release|x86
	EndGlobalSection
	GlobalSection(ProjectConfigurationPlatforms) = postSolution
		{F496C145-2212-4D28-BB8C-45BBD0753D08}.Debug|Any CPU.ActiveCfg = Debug|Any CPU
		{F496C145-2212-4D28-BB8C-45BBD0753D08}.Debug|Any CPU.Build.0 = Debug|Any CPU
		{F496C145-2212-4D28-BB8C-45BBD0753D08}.Debug|x64.ActiveCfg = Debug|Any CPU
		{F496C145-2212-4D28-BB8C-45BBD0753D08}.Debug|x64.Build.0 = Debug|Any CPU
		{F496C145-2212-4D28-BB8C-45BBD0753D08}.Debug|x86.ActiveCfg = Debug|Any CPU
		{F496C145-2212-4D28-BB8C-45BBD0753D08}.Debug|x86.Build.0 = Debug|Any CPU
		{F496C145-2212-4D28-BB8C-45BBD0753D08}.Release|Any CPU.ActiveCfg = Release|Any CPU
		{F496C145-2212-4D28-BB8C-45BBD0753D08}.Release|Any CPU.Build.0 = Release|Any CPU
		{F496C145-2212-4D28-BB8C-45BBD0753D08}.Release|x64.ActiveCfg = Release|Any CPU
		{F496C145-2212-4D28-BB8C-45BBD0753D08}.Release|x64.Build.0 = Release|Any CPU
		{F496C145-2212-4D28-BB8C-45BBD0753D08}.Release|x86.ActiveCfg = Release|Any CPU
		{F496C145-2212-4D28-BB8C-45BBD0753D08}.Release|x86.Build.0 = Release|Any CPU
		{B2D876F9-7A28-4E57-A7D3-3B58492CA095}.Debug|Any CPU.ActiveCfg = Debug|Any CPU
		{B2D876F9-7A28-4E57-A7D3-3B58492CA095}.Debug|Any CPU.Build.0 = Debug|Any CPU
		{B2D876F9-7A28-4E57-A7D3-3B58492CA095}.Debug|x64.ActiveCfg = Debug|Any CPU
		{B2D876F9-7A28-4E57-A7D3-3B58492CA095}.Debug|x64.Build.0 = Debug|Any CPU
		{B2D876F9-7A28-4E57-A7D3-3B58492CA095}.Debug|x86.ActiveCfg = Debug|Any CPU
		{B2D876F9-7A28-4E57-A7D3-3B58492CA095}.Debug|x86.Build.0 = Debug|Any CPU
		{B2D876F9-7A28-4E57-A7D3-3B58492CA095}.Release|Any CPU.ActiveCfg = Release|Any CPU
		{B2D876F9-7A28-4E57-A7D3-3B58492CA095}.Release|Any CPU.Build.0 = Release|Any CPU
		{B2D876F9-7A28-4E57-A7D3-3B58492CA095}.Release|x64.ActiveCfg = Release|Any CPU
		{B2D876F9-7A28-4E57-A7D3-3B58492CA095}.Release|x64.Build.0 = Release|Any CPU
		{B2D876F9-7A28-4E57-A7D3-3B58492CA095}.Release|x86.ActiveCfg = Release|Any CPU
		{B2D876F9-7A28-4E57-A7D3-3B58492CA095}.Release|x86.Build.0 = Release|Any CPU
	EndGlobalSection
	GlobalSection(SolutionProperties) = preSolution
		HideSolutionNode = FALSE
	EndGlobalSection
	GlobalSection(ExtensibilityGlobals) = postSolution
		SolutionGuid = {05C00CAD-E18A-4D71-8F87-95F06D696829}
	EndGlobalSection
EndGlobal
